
Microsoft Visual Studio Solution File, Format Version 12.00
# Visual Studio Version 17
VisualStudioVersion = 17.8.34511.84
MinimumVisualStudioVersion = 10.0.40219.1
Project("{9A19103F-16F7-4668-BE54-9A1E7A4F7556}") = "FribergRentalsRazor", "FribergRentalsRazor.csproj", "{431EEADB-E1FF-40E6-B4B7-106F104ED331}"
EndProject
Global
	GlobalSection(SolutionConfigurationPlatforms) = preSolution
		Debug|Any CPU = Debug|Any CPU
		Release|Any CPU = Release|Any CPU
	EndGlobalSection
	GlobalSection(ProjectConfigurationPlatforms) = postSolution
		{431EEADB-E1FF-40E6-B4B7-106F104ED331}.Debug|Any CPU.ActiveCfg = Debug|Any CPU
		{431EEADB-E1FF-40E6-B4B7-106F104ED331}.Debug|Any CPU.Build.0 = Debug|Any CPU
		{431EEADB-E1FF-40E6-B4B7-106F104ED331}.Release|Any CPU.ActiveCfg = Release|Any CPU
		{431EEADB-E1FF-40E6-B4B7-106F104ED331}.Release|Any CPU.Build.0 = Release|Any CPU
	EndGlobalSection
	GlobalSection(SolutionProperties) = preSolution
		HideSolutionNode = FALSE
	EndGlobalSection
	GlobalSection(ExtensibilityGlobals) = postSolution
		SolutionGuid = {BA041B23-E02B-4E50-9066-F815A2F88F80}
	EndGlobalSection
EndGlobal
